
Microsoft Visual Studio Solution File, Format Version 12.00
# Visual Studio Version 17
VisualStudioVersion = 17.6.33829.357
MinimumVisualStudioVersion = 10.0.40219.1
Project("{9A19103F-16F7-4668-BE54-9A1E7A4F7556}") = "ForumWebApp", "ForumWebApp\ForumWebApp.csproj", "{CE263E43-A85C-4855-928E-EA797C750C18}"
EndProject
Project("{FAE04EC0-301F-11D3-BF4B-00C04F79EFBC}") = "ForumWebApp.Tests", "ForumWebApp.Tests\ForumWebApp.Tests.csproj", "{F73D2F7C-7319-4DC4-8C8B-BD76B49A1ACB}"
EndProject
Global
	GlobalSection(SolutionConfigurationPlatforms) = preSolution
		Debug|Any CPU = Debug|Any CPU
		Release|Any CPU = Release|Any CPU
	EndGlobalSection
	GlobalSection(ProjectConfigurationPlatforms) = postSolution
		{CE263E43-A85C-4855-928E-EA797C750C18}.Debug|Any CPU.ActiveCfg = Debug|Any CPU
		{CE263E43-A85C-4855-928E-EA797C750C18}.Debug|Any CPU.Build.0 = Debug|Any CPU
		{CE263E43-A85C-4855-928E-EA797C750C18}.Release|Any CPU.ActiveCfg = Release|Any CPU
		{CE263E43-A85C-4855-928E-EA797C750C18}.Release|Any CPU.Build.0 = Release|Any CPU
		{F73D2F7C-7319-4DC4-8C8B-BD76B49A1ACB}.Debug|Any CPU.ActiveCfg = Debug|Any CPU
		{F73D2F7C-7319-4DC4-8C8B-BD76B49A1ACB}.Debug|Any CPU.Build.0 = Debug|Any CPU
		{F73D2F7C-7319-4DC4-8C8B-BD76B49A1ACB}.Release|Any CPU.ActiveCfg = Release|Any CPU
		{F73D2F7C-7319-4DC4-8C8B-BD76B49A1ACB}.Release|Any CPU.Build.0 = Release|Any CPU
	EndGlobalSection
	GlobalSection(SolutionProperties) = preSolution
		HideSolutionNode = FALSE
	EndGlobalSection
	GlobalSection(ExtensibilityGlobals) = postSolution
		SolutionGuid = {28FE32F2-7941-461E-A27C-72430FEE25DD}
	EndGlobalSection
EndGlobal
